
Microsoft Visual Studio Solution File, Format Version 12.00
Project("{FAE04EC0-301F-11D3-BF4B-00C04F79EFBC}") = "DotaStatistics", "DotaStatistics\DotaStatistics.csproj", "{AF8F8C0F-8F87-446E-BB11-D3344F90161A}"
EndProject
Project("{FAE04EC0-301F-11D3-BF4B-00C04F79EFBC}") = "Data", "Data\Data.csproj", "{6FD30804-6EB6-42D5-AAAE-A5E4062126E8}"
EndProject
Project("{FAE04EC0-301F-11D3-BF4B-00C04F79EFBC}") = "Application", "Application\Application.csproj", "{FBBCBE43-EB3E-4CA2-AB80-915362A5FB56}"
EndProject
Project("{FAE04EC0-301F-11D3-BF4B-00C04F79EFBC}") = "Core", "Core\Core.csproj", "{1CADD065-0200-4328-9551-0AFC95A91A87}"
EndProject
Project("{FAE04EC0-301F-11D3-BF4B-00C04F79EFBC}") = "BlazorAppication", "BlazorAppication\BlazorAppication.csproj", "{D1AC4688-15F8-4A43-A6E3-0D1E5D80EB27}"
EndProject
Project("{2150E333-8FDC-42A3-9474-1A3956D46DE8}") = "Backend", "Backend", "{EC50D895-4299-4255-BF7C-18074D2BEF41}"
EndProject
Global
	GlobalSection(SolutionConfigurationPlatforms) = preSolution
		Debug|Any CPU = Debug|Any CPU
		Release|Any CPU = Release|Any CPU
	EndGlobalSection
	GlobalSection(ProjectConfigurationPlatforms) = postSolution
		{AF8F8C0F-8F87-446E-BB11-D3344F90161A}.Debug|Any CPU.ActiveCfg = Debug|Any CPU
		{AF8F8C0F-8F87-446E-BB11-D3344F90161A}.Debug|Any CPU.Build.0 = Debug|Any CPU
		{AF8F8C0F-8F87-446E-BB11-D3344F90161A}.Release|Any CPU.ActiveCfg = Release|Any CPU
		{AF8F8C0F-8F87-446E-BB11-D3344F90161A}.Release|Any CPU.Build.0 = Release|Any CPU
		{6FD30804-6EB6-42D5-AAAE-A5E4062126E8}.Debug|Any CPU.ActiveCfg = Debug|Any CPU
		{6FD30804-6EB6-42D5-AAAE-A5E4062126E8}.Debug|Any CPU.Build.0 = Debug|Any CPU
		{6FD30804-6EB6-42D5-AAAE-A5E4062126E8}.Release|Any CPU.ActiveCfg = Release|Any CPU
		{6FD30804-6EB6-42D5-AAAE-A5E4062126E8}.Release|Any CPU.Build.0 = Release|Any CPU
		{FBBCBE43-EB3E-4CA2-AB80-915362A5FB56}.Debug|Any CPU.ActiveCfg = Debug|Any CPU
		{FBBCBE43-EB3E-4CA2-AB80-915362A5FB56}.Debug|Any CPU.Build.0 = Debug|Any CPU
		{FBBCBE43-EB3E-4CA2-AB80-915362A5FB56}.Release|Any CPU.ActiveCfg = Release|Any CPU
		{FBBCBE43-EB3E-4CA2-AB80-915362A5FB56}.Release|Any CPU.Build.0 = Release|Any CPU
		{1CADD065-0200-4328-9551-0AFC95A91A87}.Debug|Any CPU.ActiveCfg = Debug|Any CPU
		{1CADD065-0200-4328-9551-0AFC95A91A87}.Debug|Any CPU.Build.0 = Debug|Any CPU
		{1CADD065-0200-4328-9551-0AFC95A91A87}.Release|Any CPU.ActiveCfg = Release|Any CPU
		{1CADD065-0200-4328-9551-0AFC95A91A87}.Release|Any CPU.Build.0 = Release|Any CPU
		{D1AC4688-15F8-4A43-A6E3-0D1E5D80EB27}.Debug|Any CPU.ActiveCfg = Debug|Any CPU
		{D1AC4688-15F8-4A43-A6E3-0D1E5D80EB27}.Debug|Any CPU.Build.0 = Debug|Any CPU
		{D1AC4688-15F8-4A43-A6E3-0D1E5D80EB27}.Release|Any CPU.ActiveCfg = Release|Any CPU
		{D1AC4688-15F8-4A43-A6E3-0D1E5D80EB27}.Release|Any CPU.Build.0 = Release|Any CPU
	EndGlobalSection
	GlobalSection(NestedProjects) = preSolution
		{FBBCBE43-EB3E-4CA2-AB80-915362A5FB56} = {EC50D895-4299-4255-BF7C-18074D2BEF41}
		{D1AC4688-15F8-4A43-A6E3-0D1E5D80EB27} = {EC50D895-4299-4255-BF7C-18074D2BEF41}
		{1CADD065-0200-4328-9551-0AFC95A91A87} = {EC50D895-4299-4255-BF7C-18074D2BEF41}
		{6FD30804-6EB6-42D5-AAAE-A5E4062126E8} = {EC50D895-4299-4255-BF7C-18074D2BEF41}
		{AF8F8C0F-8F87-446E-BB11-D3344F90161A} = {EC50D895-4299-4255-BF7C-18074D2BEF41}
	EndGlobalSection
EndGlobal
